
Microsoft Visual Studio Solution File, Format Version 12.00
# Visual Studio Version 16
VisualStudioVersion = 16.0.30804.86
MinimumVisualStudioVersion = 10.0.40219.1
Project("{FAE04EC0-301F-11D3-BF4B-00C04F79EFBC}") = "Sorting", "Sorting\Sorting.csproj", "{1EF0C436-82AF-4A7D-8517-605CB1FF1CA3}"
EndProject
Global
	GlobalSection(SolutionConfigurationPlatforms) = preSolution
		Debug|Any CPU = Debug|Any CPU
		Release|Any CPU = Release|Any CPU
	EndGlobalSection
	GlobalSection(ProjectConfigurationPlatforms) = postSolution
		{1EF0C436-82AF-4A7D-8517-605CB1FF1CA3}.Debug|Any CPU.ActiveCfg = Debug|Any CPU
		{1EF0C436-82AF-4A7D-8517-605CB1FF1CA3}.Debug|Any CPU.Build.0 = Debug|Any CPU
		{1EF0C436-82AF-4A7D-8517-605CB1FF1CA3}.Release|Any CPU.ActiveCfg = Release|Any CPU
		{1EF0C436-82AF-4A7D-8517-605CB1FF1CA3}.Release|Any CPU.Build.0 = Release|Any CPU
	EndGlobalSection
	GlobalSection(SolutionProperties) = preSolution
		HideSolutionNode = FALSE
	EndGlobalSection
	GlobalSection(ExtensibilityGlobals) = postSolution
		SolutionGuid = {B7ABABDD-9347-4B7F-8C66-B4C65C3D5EE1}
	EndGlobalSection
EndGlobal
